
Microsoft Visual Studio Solution File, Format Version 12.00
# Visual Studio Version 17
VisualStudioVersion = 17.3.32922.545
MinimumVisualStudioVersion = 10.0.40219.1
Project("{9A19103F-16F7-4668-BE54-9A1E7A4F7556}") = "UrlShortener.Data", "UrlShortener.Data\UrlShortener.Data.csproj", "{0340EAB6-1080-43B5-B4A2-D7578FCBE864}"
EndProject
Project("{FAE04EC0-301F-11D3-BF4B-00C04F79EFBC}") = "UrlShortener.Cli", "UrlShortener.Cli\UrlShortener.Cli.csproj", "{22F93EA5-554D-40C9-B032-886CC6F7F921}"
EndProject
Project("{FAE04EC0-301F-11D3-BF4B-00C04F79EFBC}") = "URL Forwarder", "URL Forwarder\URL Forwarder.csproj", "{4C89FB11-B8EA-49F4-837F-F40DCF425473}"
EndProject
Global
	GlobalSection(SolutionConfigurationPlatforms) = preSolution
		Debug|Any CPU = Debug|Any CPU
		Release|Any CPU = Release|Any CPU
	EndGlobalSection
	GlobalSection(ProjectConfigurationPlatforms) = postSolution
		{0340EAB6-1080-43B5-B4A2-D7578FCBE864}.Debug|Any CPU.ActiveCfg = Debug|Any CPU
		{0340EAB6-1080-43B5-B4A2-D7578FCBE864}.Debug|Any CPU.Build.0 = Debug|Any CPU
		{0340EAB6-1080-43B5-B4A2-D7578FCBE864}.Release|Any CPU.ActiveCfg = Release|Any CPU
		{0340EAB6-1080-43B5-B4A2-D7578FCBE864}.Release|Any CPU.Build.0 = Release|Any CPU
		{22F93EA5-554D-40C9-B032-886CC6F7F921}.Debug|Any CPU.ActiveCfg = Debug|Any CPU
		{22F93EA5-554D-40C9-B032-886CC6F7F921}.Debug|Any CPU.Build.0 = Debug|Any CPU
		{22F93EA5-554D-40C9-B032-886CC6F7F921}.Release|Any CPU.ActiveCfg = Release|Any CPU
		{22F93EA5-554D-40C9-B032-886CC6F7F921}.Release|Any CPU.Build.0 = Release|Any CPU
		{4C89FB11-B8EA-49F4-837F-F40DCF425473}.Debug|Any CPU.ActiveCfg = Debug|Any CPU
		{4C89FB11-B8EA-49F4-837F-F40DCF425473}.Debug|Any CPU.Build.0 = Debug|Any CPU
		{4C89FB11-B8EA-49F4-837F-F40DCF425473}.Release|Any CPU.ActiveCfg = Release|Any CPU
		{4C89FB11-B8EA-49F4-837F-F40DCF425473}.Release|Any CPU.Build.0 = Release|Any CPU
	EndGlobalSection
	GlobalSection(SolutionProperties) = preSolution
		HideSolutionNode = FALSE
	EndGlobalSection
	GlobalSection(ExtensibilityGlobals) = postSolution
		SolutionGuid = {3232A7AD-C975-47DD-AE69-58F41F2B6B34}
	EndGlobalSection
EndGlobal
